// !$*UTF8*$!
{
	archiveVersion = 1;
	classes = {
	};
	objectVersion = 56;
	objects = {

/* Begin PBXBuildFile section */
		046B9B12298188800021DA84 /* MovieCategoriesButtonsV.swift in Sources */ = {isa = PBXBuildFile; fileRef = 046B9B11298188800021DA84 /* MovieCategoriesButtonsV.swift */; };
		047C3A7E2982E52E001A20FD /* FileManagerVM.swift in Sources */ = {isa = PBXBuildFile; fileRef = 047C3A7D2982E52E001A20FD /* FileManagerVM.swift */; };
		047C3A80298349A1001A20FD /* MovieUserData.swift in Sources */ = {isa = PBXBuildFile; fileRef = 047C3A7F298349A1001A20FD /* MovieUserData.swift */; };
		047C3A82298447D9001A20FD /* Settings.swift in Sources */ = {isa = PBXBuildFile; fileRef = 047C3A81298447D9001A20FD /* Settings.swift */; };
		047E4D762980C98500A86D37 /* MovieDetailed.swift in Sources */ = {isa = PBXBuildFile; fileRef = 047E4D722980C98500A86D37 /* MovieDetailed.swift */; };
		047E4D772980C98500A86D37 /* MovieBasic.swift in Sources */ = {isa = PBXBuildFile; fileRef = 047E4D732980C98500A86D37 /* MovieBasic.swift */; };
		047E4D782980C98500A86D37 /* IMDbAPI.swift in Sources */ = {isa = PBXBuildFile; fileRef = 047E4D752980C98500A86D37 /* IMDbAPI.swift */; };
		047E4D7A2980C9D300A86D37 /* HInfoLabel.swift in Sources */ = {isa = PBXBuildFile; fileRef = 047E4D792980C9D300A86D37 /* HInfoLabel.swift */; };
		047E4D7C2980EA3700A86D37 /* MovieDetailedVM.swift in Sources */ = {isa = PBXBuildFile; fileRef = 047E4D7B2980EA3700A86D37 /* MovieDetailedVM.swift */; };
		047E4D7E2980F2F300A86D37 /* TopMoviesVM.swift in Sources */ = {isa = PBXBuildFile; fileRef = 047E4D7D2980F2F300A86D37 /* TopMoviesVM.swift */; };
		048005B5297ADDFE00F75D5A /* MovieRecordsApp.swift in Sources */ = {isa = PBXBuildFile; fileRef = 048005B4297ADDFE00F75D5A /* MovieRecordsApp.swift */; };
		048005B7297ADDFE00F75D5A /* ContentView.swift in Sources */ = {isa = PBXBuildFile; fileRef = 048005B6297ADDFE00F75D5A /* ContentView.swift */; };
		048005B9297ADE0400F75D5A /* Assets.xcassets in Resources */ = {isa = PBXBuildFile; fileRef = 048005B8297ADE0400F75D5A /* Assets.xcassets */; };
		048005BC297ADE0400F75D5A /* Preview Assets.xcassets in Resources */ = {isa = PBXBuildFile; fileRef = 048005BB297ADE0400F75D5A /* Preview Assets.xcassets */; };
		048005C7297AE45A00F75D5A /* MovieListItem.swift in Sources */ = {isa = PBXBuildFile; fileRef = 048005C6297AE45A00F75D5A /* MovieListItem.swift */; };
		048005CC297B0F9300F75D5A /* MoviesList.swift in Sources */ = {isa = PBXBuildFile; fileRef = 048005CB297B0F9300F75D5A /* MoviesList.swift */; };
		048005CE297B294E00F75D5A /* MovieDetails.swift in Sources */ = {isa = PBXBuildFile; fileRef = 048005CD297B294D00F75D5A /* MovieDetails.swift */; };
		048F0E2529859EAA00EB638B /* movie_details-api_response_example.json in Resources */ = {isa = PBXBuildFile; fileRef = 048F0E2429859EAA00EB638B /* movie_details-api_response_example.json */; };
		048F0E272985AB3800EB638B /* top_250_movies-api_response_example.json in Resources */ = {isa = PBXBuildFile; fileRef = 048F0E262985AB3800EB638B /* top_250_movies-api_response_example.json */; };
		048F0E292985C2C700EB638B /* WebView.swift in Sources */ = {isa = PBXBuildFile; fileRef = 048F0E282985C2C700EB638B /* WebView.swift */; };
		2FDE66DBDDB73AF9B2A87AE3 /* Pods_MovieRecords.framework in Frameworks */ = {isa = PBXBuildFile; fileRef = 104648AB6D87825D142DDD58 /* Pods_MovieRecords.framework */; };
/* End PBXBuildFile section */

/* Begin PBXFileReference section */
		046B9B11298188800021DA84 /* MovieCategoriesButtonsV.swift */ = {isa = PBXFileReference; lastKnownFileType = sourcecode.swift; path = MovieCategoriesButtonsV.swift; sourceTree = "<group>"; };
		047C3A7D2982E52E001A20FD /* FileManagerVM.swift */ = {isa = PBXFileReference; lastKnownFileType = sourcecode.swift; path = FileManagerVM.swift; sourceTree = "<group>"; };
		047C3A7F298349A1001A20FD /* MovieUserData.swift */ = {isa = PBXFileReference; lastKnownFileType = sourcecode.swift; path = MovieUserData.swift; sourceTree = "<group>"; };
		047C3A81298447D9001A20FD /* Settings.swift */ = {isa = PBXFileReference; lastKnownFileType = sourcecode.swift; path = Settings.swift; sourceTree = "<group>"; };
		047E4D722980C98500A86D37 /* MovieDetailed.swift */ = {isa = PBXFileReference; fileEncoding = 4; lastKnownFileType = sourcecode.swift; path = MovieDetailed.swift; sourceTree = "<group>"; };
		047E4D732980C98500A86D37 /* MovieBasic.swift */ = {isa = PBXFileReference; fileEncoding = 4; lastKnownFileType = sourcecode.swift; path = MovieBasic.swift; sourceTree = "<group>"; };
		047E4D752980C98500A86D37 /* IMDbAPI.swift */ = {isa = PBXFileReference; fileEncoding = 4; lastKnownFileType = sourcecode.swift; path = IMDbAPI.swift; sourceTree = "<group>"; };
		047E4D792980C9D300A86D37 /* HInfoLabel.swift */ = {isa = PBXFileReference; fileEncoding = 4; lastKnownFileType = sourcecode.swift; path = HInfoLabel.swift; sourceTree = "<group>"; };
		047E4D7B2980EA3700A86D37 /* MovieDetailedVM.swift */ = {isa = PBXFileReference; lastKnownFileType = sourcecode.swift; path = MovieDetailedVM.swift; sourceTree = "<group>"; };
		047E4D7D2980F2F300A86D37 /* TopMoviesVM.swift */ = {isa = PBXFileReference; lastKnownFileType = sourcecode.swift; path = TopMoviesVM.swift; sourceTree = "<group>"; };
		048005B1297ADDFE00F75D5A /* MovieRecords.app */ = {isa = PBXFileReference; explicitFileType = wrapper.application; includeInIndex = 0; path = MovieRecords.app; sourceTree = BUILT_PRODUCTS_DIR; };
		048005B4297ADDFE00F75D5A /* MovieRecordsApp.swift */ = {isa = PBXFileReference; lastKnownFileType = sourcecode.swift; path = MovieRecordsApp.swift; sourceTree = "<group>"; };
		048005B6297ADDFE00F75D5A /* ContentView.swift */ = {isa = PBXFileReference; lastKnownFileType = sourcecode.swift; path = ContentView.swift; sourceTree = "<group>"; };
		048005B8297ADE0400F75D5A /* Assets.xcassets */ = {isa = PBXFileReference; lastKnownFileType = folder.assetcatalog; path = Assets.xcassets; sourceTree = "<group>"; };
		048005BB297ADE0400F75D5A /* Preview Assets.xcassets */ = {isa = PBXFileReference; lastKnownFileType = folder.assetcatalog; path = "Preview Assets.xcassets"; sourceTree = "<group>"; };
		048005C6297AE45A00F75D5A /* MovieListItem.swift */ = {isa = PBXFileReference; lastKnownFileType = sourcecode.swift; path = MovieListItem.swift; sourceTree = "<group>"; };
		048005CB297B0F9300F75D5A /* MoviesList.swift */ = {isa = PBXFileReference; lastKnownFileType = sourcecode.swift; path = MoviesList.swift; sourceTree = "<group>"; };
		048005CD297B294D00F75D5A /* MovieDetails.swift */ = {isa = PBXFileReference; lastKnownFileType = sourcecode.swift; path = MovieDetails.swift; sourceTree = "<group>"; };
		048F0E2429859EAA00EB638B /* movie_details-api_response_example.json */ = {isa = PBXFileReference; fileEncoding = 4; lastKnownFileType = text.json; path = "movie_details-api_response_example.json"; sourceTree = "<group>"; };
		048F0E262985AB3800EB638B /* top_250_movies-api_response_example.json */ = {isa = PBXFileReference; fileEncoding = 4; lastKnownFileType = text.json; path = "top_250_movies-api_response_example.json"; sourceTree = "<group>"; };
		048F0E282985C2C700EB638B /* WebView.swift */ = {isa = PBXFileReference; lastKnownFileType = sourcecode.swift; path = WebView.swift; sourceTree = "<group>"; };
		104648AB6D87825D142DDD58 /* Pods_MovieRecords.framework */ = {isa = PBXFileReference; explicitFileType = wrapper.framework; includeInIndex = 0; path = Pods_MovieRecords.framework; sourceTree = BUILT_PRODUCTS_DIR; };
		9D57DAD1391FC6A7B51E2595 /* Pods-MovieRecords.release.xcconfig */ = {isa = PBXFileReference; includeInIndex = 1; lastKnownFileType = text.xcconfig; name = "Pods-MovieRecords.release.xcconfig"; path = "Target Support Files/Pods-MovieRecords/Pods-MovieRecords.release.xcconfig"; sourceTree = "<group>"; };
		D71847591E83912146D0F2E5 /* Pods-MovieRecords.debug.xcconfig */ = {isa = PBXFileReference; includeInIndex = 1; lastKnownFileType = text.xcconfig; name = "Pods-MovieRecords.debug.xcconfig"; path = "Target Support Files/Pods-MovieRecords/Pods-MovieRecords.debug.xcconfig"; sourceTree = "<group>"; };
/* End PBXFileReference section */

/* Begin PBXFrameworksBuildPhase section */
		048005AE297ADDFE00F75D5A /* Frameworks */ = {
			isa = PBXFrameworksBuildPhase;
			buildActionMask = 2147483647;
			files = (
				2FDE66DBDDB73AF9B2A87AE3 /* Pods_MovieRecords.framework in Frameworks */,
			);
			runOnlyForDeploymentPostprocessing = 0;
		};
/* End PBXFrameworksBuildPhase section */

/* Begin PBXGroup section */
		0313DC6409EBB83FFDFF873E /* Pods */ = {
			isa = PBXGroup;
			children = (
				D71847591E83912146D0F2E5 /* Pods-MovieRecords.debug.xcconfig */,
				9D57DAD1391FC6A7B51E2595 /* Pods-MovieRecords.release.xcconfig */,
			);
			path = Pods;
			sourceTree = "<group>";
		};
		047E4D712980C98500A86D37 /* Models */ = {
			isa = PBXGroup;
			children = (
				047E4D732980C98500A86D37 /* MovieBasic.swift */,
				047E4D722980C98500A86D37 /* MovieDetailed.swift */,
				047C3A7F298349A1001A20FD /* MovieUserData.swift */,
			);
			path = Models;
			sourceTree = "<group>";
		};
		047E4D742980C98500A86D37 /* ViewModels */ = {
			isa = PBXGroup;
			children = (
				047E4D752980C98500A86D37 /* IMDbAPI.swift */,
				047C3A7D2982E52E001A20FD /* FileManagerVM.swift */,
				047E4D7D2980F2F300A86D37 /* TopMoviesVM.swift */,
				047E4D7B2980EA3700A86D37 /* MovieDetailedVM.swift */,
			);
			path = ViewModels;
			sourceTree = "<group>";
		};
		048005A8297ADDFE00F75D5A = {
			isa = PBXGroup;
			children = (
				048005B3297ADDFE00F75D5A /* MovieRecords */,
				048005B2297ADDFE00F75D5A /* Products */,
				0313DC6409EBB83FFDFF873E /* Pods */,
				5EED22A630398AE6E926E6E4 /* Frameworks */,
			);
			sourceTree = "<group>";
		};
		048005B2297ADDFE00F75D5A /* Products */ = {
			isa = PBXGroup;
			children = (
				048005B1297ADDFE00F75D5A /* MovieRecords.app */,
			);
			name = Products;
			sourceTree = "<group>";
		};
		048005B3297ADDFE00F75D5A /* MovieRecords */ = {
			isa = PBXGroup;
			children = (
				048005B4297ADDFE00F75D5A /* MovieRecordsApp.swift */,
				048005B6297ADDFE00F75D5A /* ContentView.swift */,
				047E4D712980C98500A86D37 /* Models */,
				048005C5297AE43100F75D5A /* Views */,
				047E4D742980C98500A86D37 /* ViewModels */,
				048F0E2329859B0A00EB638B /* Utils */,
				048005B8297ADE0400F75D5A /* Assets.xcassets */,
				048005BA297ADE0400F75D5A /* Preview Content */,
			);
			path = MovieRecords;
			sourceTree = "<group>";
		};
		048005BA297ADE0400F75D5A /* Preview Content */ = {
			isa = PBXGroup;
			children = (
				048005BB297ADE0400F75D5A /* Preview Assets.xcassets */,
			);
			path = "Preview Content";
			sourceTree = "<group>";
		};
		048005C5297AE43100F75D5A /* Views */ = {
			isa = PBXGroup;
			children = (
				046B9B11298188800021DA84 /* MovieCategoriesButtonsV.swift */,
				048005C6297AE45A00F75D5A /* MovieListItem.swift */,
				048005CB297B0F9300F75D5A /* MoviesList.swift */,
				047E4D792980C9D300A86D37 /* HInfoLabel.swift */,
				048005CD297B294D00F75D5A /* MovieDetails.swift */,
				047C3A81298447D9001A20FD /* Settings.swift */,
				048F0E282985C2C700EB638B /* WebView.swift */,
			);
			path = Views;
			sourceTree = "<group>";
		};
		048F0E2329859B0A00EB638B /* Utils */ = {
			isa = PBXGroup;
			children = (
				048F0E2429859EAA00EB638B /* movie_details-api_response_example.json */,
				048F0E262985AB3800EB638B /* top_250_movies-api_response_example.json */,
			);
			path = Utils;
			sourceTree = "<group>";
		};
		5EED22A630398AE6E926E6E4 /* Frameworks */ = {
			isa = PBXGroup;
			children = (
				104648AB6D87825D142DDD58 /* Pods_MovieRecords.framework */,
			);
			name = Frameworks;
			sourceTree = "<group>";
		};
/* End PBXGroup section */

/* Begin PBXNativeTarget section */
		048005B0297ADDFE00F75D5A /* MovieRecords */ = {
			isa = PBXNativeTarget;
			buildConfigurationList = 048005BF297ADE0400F75D5A /* Build configuration list for PBXNativeTarget "MovieRecords" */;
			buildPhases = (
				F601D1F810C80317410C00A6 /* [CP] Check Pods Manifest.lock */,
				048005AD297ADDFE00F75D5A /* Sources */,
				048005AE297ADDFE00F75D5A /* Frameworks */,
				048005AF297ADDFE00F75D5A /* Resources */,
				A0B1C10A312076DF41F1436F /* [CP] Embed Pods Frameworks */,
			);
			buildRules = (
			);
			dependencies = (
			);
			name = MovieRecords;
			productName = MovieRecords;
			productReference = 048005B1297ADDFE00F75D5A /* MovieRecords.app */;
			productType = "com.apple.product-type.application";
		};
/* End PBXNativeTarget section */

/* Begin PBXProject section */
		048005A9297ADDFE00F75D5A /* Project object */ = {
			isa = PBXProject;
			attributes = {
				BuildIndependentTargetsInParallel = 1;
				LastSwiftUpdateCheck = 1420;
				LastUpgradeCheck = 1420;
				TargetAttributes = {
					048005B0297ADDFE00F75D5A = {
						CreatedOnToolsVersion = 14.2;
					};
				};
			};
			buildConfigurationList = 048005AC297ADDFE00F75D5A /* Build configuration list for PBXProject "MovieRecords" */;
			compatibilityVersion = "Xcode 14.0";
			developmentRegion = en;
			hasScannedForEncodings = 0;
			knownRegions = (
				en,
				Base,
			);
			mainGroup = 048005A8297ADDFE00F75D5A;
			productRefGroup = 048005B2297ADDFE00F75D5A /* Products */;
			projectDirPath = "";
			projectRoot = "";
			targets = (
				048005B0297ADDFE00F75D5A /* MovieRecords */,
			);
		};
/* End PBXProject section */

/* Begin PBXResourcesBuildPhase section */
		048005AF297ADDFE00F75D5A /* Resources */ = {
			isa = PBXResourcesBuildPhase;
			buildActionMask = 2147483647;
			files = (
				048005BC297ADE0400F75D5A /* Preview Assets.xcassets in Resources */,
				048005B9297ADE0400F75D5A /* Assets.xcassets in Resources */,
				048F0E2529859EAA00EB638B /* movie_details-api_response_example.json in Resources */,
				048F0E272985AB3800EB638B /* top_250_movies-api_response_example.json in Resources */,
			);
			runOnlyForDeploymentPostprocessing = 0;
		};
/* End PBXResourcesBuildPhase section */

/* Begin PBXShellScriptBuildPhase section */
		A0B1C10A312076DF41F1436F /* [CP] Embed Pods Frameworks */ = {
			isa = PBXShellScriptBuildPhase;
			buildActionMask = 2147483647;
			files = (
			);
			inputFileListPaths = (
				"${PODS_ROOT}/Target Support Files/Pods-MovieRecords/Pods-MovieRecords-frameworks-${CONFIGURATION}-input-files.xcfilelist",
			);
			name = "[CP] Embed Pods Frameworks";
			outputFileListPaths = (
				"${PODS_ROOT}/Target Support Files/Pods-MovieRecords/Pods-MovieRecords-frameworks-${CONFIGURATION}-output-files.xcfilelist",
			);
			runOnlyForDeploymentPostprocessing = 0;
			shellPath = /bin/sh;
			shellScript = "\"${PODS_ROOT}/Target Support Files/Pods-MovieRecords/Pods-MovieRecords-frameworks.sh\"\n";
			showEnvVarsInLog = 0;
		};
		F601D1F810C80317410C00A6 /* [CP] Check Pods Manifest.lock */ = {
			isa = PBXShellScriptBuildPhase;
			buildActionMask = 2147483647;
			files = (
			);
			inputFileListPaths = (
			);
			inputPaths = (
				"${PODS_PODFILE_DIR_PATH}/Podfile.lock",
				"${PODS_ROOT}/Manifest.lock",
			);
			name = "[CP] Check Pods Manifest.lock";
			outputFileListPaths = (
			);
			outputPaths = (
				"$(DERIVED_FILE_DIR)/Pods-MovieRecords-checkManifestLockResult.txt",
			);
			runOnlyForDeploymentPostprocessing = 0;
			shellPath = /bin/sh;
			shellScript = "diff \"${PODS_PODFILE_DIR_PATH}/Podfile.lock\" \"${PODS_ROOT}/Manifest.lock\" > /dev/null\nif [ $? != 0 ] ; then\n    # print error to STDERR\n    echo \"error: The sandbox is not in sync with the Podfile.lock. Run 'pod install' or update your CocoaPods installation.\" >&2\n    exit 1\nfi\n# This output is used by Xcode 'outputs' to avoid re-running this script phase.\necho \"SUCCESS\" > \"${SCRIPT_OUTPUT_FILE_0}\"\n";
			showEnvVarsInLog = 0;
		};
/* End PBXShellScriptBuildPhase section */

/* Begin PBXSourcesBuildPhase section */
		048005AD297ADDFE00F75D5A /* Sources */ = {
			isa = PBXSourcesBuildPhase;
			buildActionMask = 2147483647;
			files = (
				048005B7297ADDFE00F75D5A /* ContentView.swift in Sources */,
				048005C7297AE45A00F75D5A /* MovieListItem.swift in Sources */,
				048005B5297ADDFE00F75D5A /* MovieRecordsApp.swift in Sources */,
				047E4D7C2980EA3700A86D37 /* MovieDetailedVM.swift in Sources */,
				048F0E292985C2C700EB638B /* WebView.swift in Sources */,
				048005CC297B0F9300F75D5A /* MoviesList.swift in Sources */,
				047E4D762980C98500A86D37 /* MovieDetailed.swift in Sources */,
				048005CE297B294E00F75D5A /* MovieDetails.swift in Sources */,
				046B9B12298188800021DA84 /* MovieCategoriesButtonsV.swift in Sources */,
				047C3A7E2982E52E001A20FD /* FileManagerVM.swift in Sources */,
				047C3A82298447D9001A20FD /* Settings.swift in Sources */,
				047E4D782980C98500A86D37 /* IMDbAPI.swift in Sources */,
				047E4D7E2980F2F300A86D37 /* TopMoviesVM.swift in Sources */,
				047E4D7A2980C9D300A86D37 /* HInfoLabel.swift in Sources */,
				047E4D772980C98500A86D37 /* MovieBasic.swift in Sources */,
				047C3A80298349A1001A20FD /* MovieUserData.swift in Sources */,
			);
			runOnlyForDeploymentPostprocessing = 0;
		};
/* End PBXSourcesBuildPhase section */

/* Begin XCBuildConfiguration section */
		048005BD297ADE0400F75D5A /* Debug */ = {
			isa = XCBuildConfiguration;
			buildSettings = {
				ALWAYS_SEARCH_USER_PATHS = NO;
				CLANG_ANALYZER_NONNULL = YES;
				CLANG_ANALYZER_NUMBER_OBJECT_CONVERSION = YES_AGGRESSIVE;
				CLANG_CXX_LANGUAGE_STANDARD = "gnu++20";
				CLANG_ENABLE_MODULES = YES;
				CLANG_ENABLE_OBJC_ARC = YES;
				CLANG_ENABLE_OBJC_WEAK = YES;
				CLANG_WARN_BLOCK_CAPTURE_AUTORELEASING = YES;
				CLANG_WARN_BOOL_CONVERSION = YES;
				CLANG_WARN_COMMA = YES;
				CLANG_WARN_CONSTANT_CONVERSION = YES;
				CLANG_WARN_DEPRECATED_OBJC_IMPLEMENTATIONS = YES;
				CLANG_WARN_DIRECT_OBJC_ISA_USAGE = YES_ERROR;
				CLANG_WARN_DOCUMENTATION_COMMENTS = YES;
				CLANG_WARN_EMPTY_BODY = YES;
				CLANG_WARN_ENUM_CONVERSION = YES;
				CLANG_WARN_INFINITE_RECURSION = YES;
				CLANG_WARN_INT_CONVERSION = YES;
				CLANG_WARN_NON_LITERAL_NULL_CONVERSION = YES;
				CLANG_WARN_OBJC_IMPLICIT_RETAIN_SELF = YES;
				CLANG_WARN_OBJC_LITERAL_CONVERSION = YES;
				CLANG_WARN_OBJC_ROOT_CLASS = YES_ERROR;
				CLANG_WARN_QUOTED_INCLUDE_IN_FRAMEWORK_HEADER = YES;
				CLANG_WARN_RANGE_LOOP_ANALYSIS = YES;
				CLANG_WARN_STRICT_PROTOTYPES = YES;
				CLANG_WARN_SUSPICIOUS_MOVE = YES;
				CLANG_WARN_UNGUARDED_AVAILABILITY = YES_AGGRESSIVE;
				CLANG_WARN_UNREACHABLE_CODE = YES;
				CLANG_WARN__DUPLICATE_METHOD_MATCH = YES;
				COPY_PHASE_STRIP = NO;
				DEBUG_INFORMATION_FORMAT = dwarf;
				ENABLE_STRICT_OBJC_MSGSEND = YES;
				ENABLE_TESTABILITY = YES;
				GCC_C_LANGUAGE_STANDARD = gnu11;
				GCC_DYNAMIC_NO_PIC = NO;
				GCC_NO_COMMON_BLOCKS = YES;
				GCC_OPTIMIZATION_LEVEL = 0;
				GCC_PREPROCESSOR_DEFINITIONS = (
					"DEBUG=1",
					"$(inherited)",
				);
				GCC_WARN_64_TO_32_BIT_CONVERSION = YES;
				GCC_WARN_ABOUT_RETURN_TYPE = YES_ERROR;
				GCC_WARN_UNDECLARED_SELECTOR = YES;
				GCC_WARN_UNINITIALIZED_AUTOS = YES_AGGRESSIVE;
				GCC_WARN_UNUSED_FUNCTION = YES;
				GCC_WARN_UNUSED_VARIABLE = YES;
				IPHONEOS_DEPLOYMENT_TARGET = 16.2;
				MTL_ENABLE_DEBUG_INFO = INCLUDE_SOURCE;
				MTL_FAST_MATH = YES;
				ONLY_ACTIVE_ARCH = YES;
				SDKROOT = iphoneos;
				SWIFT_ACTIVE_COMPILATION_CONDITIONS = DEBUG;
				SWIFT_OPTIMIZATION_LEVEL = "-Onone";
			};
			name = Debug;
		};
		048005BE297ADE0400F75D5A /* Release */ = {
			isa = XCBuildConfiguration;
			buildSettings = {
				ALWAYS_SEARCH_USER_PATHS = NO;
				CLANG_ANALYZER_NONNULL = YES;
				CLANG_ANALYZER_NUMBER_OBJECT_CONVERSION = YES_AGGRESSIVE;
				CLANG_CXX_LANGUAGE_STANDARD = "gnu++20";
				CLANG_ENABLE_MODULES = YES;
				CLANG_ENABLE_OBJC_ARC = YES;
				CLANG_ENABLE_OBJC_WEAK = YES;
				CLANG_WARN_BLOCK_CAPTURE_AUTORELEASING = YES;
				CLANG_WARN_BOOL_CONVERSION = YES;
				CLANG_WARN_COMMA = YES;
				CLANG_WARN_CONSTANT_CONVERSION = YES;
				CLANG_WARN_DEPRECATED_OBJC_IMPLEMENTATIONS = YES;
				CLANG_WARN_DIRECT_OBJC_ISA_USAGE = YES_ERROR;
				CLANG_WARN_DOCUMENTATION_COMMENTS = YES;
				CLANG_WARN_EMPTY_BODY = YES;
				CLANG_WARN_ENUM_CONVERSION = YES;
				CLANG_WARN_INFINITE_RECURSION = YES;
				CLANG_WARN_INT_CONVERSION = YES;
				CLANG_WARN_NON_LITERAL_NULL_CONVERSION = YES;
				CLANG_WARN_OBJC_IMPLICIT_RETAIN_SELF = YES;
				CLANG_WARN_OBJC_LITERAL_CONVERSION = YES;
				CLANG_WARN_OBJC_ROOT_CLASS = YES_ERROR;
				CLANG_WARN_QUOTED_INCLUDE_IN_FRAMEWORK_HEADER = YES;
				CLANG_WARN_RANGE_LOOP_ANALYSIS = YES;
				CLANG_WARN_STRICT_PROTOTYPES = YES;
				CLANG_WARN_SUSPICIOUS_MOVE = YES;
				CLANG_WARN_UNGUARDED_AVAILABILITY = YES_AGGRESSIVE;
				CLANG_WARN_UNREACHABLE_CODE = YES;
				CLANG_WARN__DUPLICATE_METHOD_MATCH = YES;
				COPY_PHASE_STRIP = NO;
				DEBUG_INFORMATION_FORMAT = "dwarf-with-dsym";
				ENABLE_NS_ASSERTIONS = NO;
				ENABLE_STRICT_OBJC_MSGSEND = YES;
				GCC_C_LANGUAGE_STANDARD = gnu11;
				GCC_NO_COMMON_BLOCKS = YES;
				GCC_WARN_64_TO_32_BIT_CONVERSION = YES;
				GCC_WARN_ABOUT_RETURN_TYPE = YES_ERROR;
				GCC_WARN_UNDECLARED_SELECTOR = YES;
				GCC_WARN_UNINITIALIZED_AUTOS = YES_AGGRESSIVE;
				GCC_WARN_UNUSED_FUNCTION = YES;
				GCC_WARN_UNUSED_VARIABLE = YES;
				IPHONEOS_DEPLOYMENT_TARGET = 16.2;
				MTL_ENABLE_DEBUG_INFO = NO;
				MTL_FAST_MATH = YES;
				SDKROOT = iphoneos;
				SWIFT_COMPILATION_MODE = wholemodule;
				SWIFT_OPTIMIZATION_LEVEL = "-O";
				VALIDATE_PRODUCT = YES;
			};
			name = Release;
		};
		048005C0297ADE0400F75D5A /* Debug */ = {
			isa = XCBuildConfiguration;
			baseConfigurationReference = D71847591E83912146D0F2E5 /* Pods-MovieRecords.debug.xcconfig */;
			buildSettings = {
				ASSETCATALOG_COMPILER_APPICON_NAME = AppIcon;
				ASSETCATALOG_COMPILER_GLOBAL_ACCENT_COLOR_NAME = AccentColor;
				CODE_SIGN_STYLE = Automatic;
				CURRENT_PROJECT_VERSION = 1;
				DEVELOPMENT_ASSET_PATHS = "\"MovieRecords/Preview Content\"";
				ENABLE_PREVIEWS = YES;
				GENERATE_INFOPLIST_FILE = YES;
				INFOPLIST_KEY_UIApplicationSceneManifest_Generation = YES;
				INFOPLIST_KEY_UIApplicationSupportsIndirectInputEvents = YES;
				INFOPLIST_KEY_UILaunchScreen_Generation = YES;
				INFOPLIST_KEY_UISupportedInterfaceOrientations_iPad = "UIInterfaceOrientationPortrait UIInterfaceOrientationPortraitUpsideDown UIInterfaceOrientationLandscapeLeft UIInterfaceOrientationLandscapeRight";
				INFOPLIST_KEY_UISupportedInterfaceOrientations_iPhone = "UIInterfaceOrientationPortrait UIInterfaceOrientationLandscapeLeft UIInterfaceOrientationLandscapeRight";
				LD_RUNPATH_SEARCH_PATHS = (
					"$(inherited)",
					"@executable_path/Frameworks",
				);
				MARKETING_VERSION = 1.0;
				PRODUCT_BUNDLE_IDENTIFIER = com.mledgaro.MovieRecords;
				PRODUCT_NAME = "$(TARGET_NAME)";
				SWIFT_EMIT_LOC_STRINGS = YES;
				SWIFT_VERSION = 5.0;
				TARGETED_DEVICE_FAMILY = "1,2";
			};
			name = Debug;
		};
		048005C1297ADE0400F75D5A /* Release */ = {
			isa = XCBuildConfiguration;
			baseConfigurationReference = 9D57DAD1391FC6A7B51E2595 /* Pods-MovieRecords.release.xcconfig */;
			buildSettings = {
				ASSETCATALOG_COMPILER_APPICON_NAME = AppIcon;
				ASSETCATALOG_COMPILER_GLOBAL_ACCENT_COLOR_NAME = AccentColor;
				CODE_SIGN_STYLE = Automatic;
				CURRENT_PROJECT_VERSION = 1;
				DEVELOPMENT_ASSET_PATHS = "\"MovieRecords/Preview Content\"";
				ENABLE_PREVIEWS = YES;
				GENERATE_INFOPLIST_FILE = YES;
				INFOPLIST_KEY_UIApplicationSceneManifest_Generation = YES;
				INFOPLIST_KEY_UIApplicationSupportsIndirectInputEvents = YES;
				INFOPLIST_KEY_UILaunchScreen_Generation = YES;
				INFOPLIST_KEY_UISupportedInterfaceOrientations_iPad = "UIInterfaceOrientationPortrait UIInterfaceOrientationPortraitUpsideDown UIInterfaceOrientationLandscapeLeft UIInterfaceOrientationLandscapeRight";
				INFOPLIST_KEY_UISupportedInterfaceOrientations_iPhone = "UIInterfaceOrientationPortrait UIInterfaceOrientationLandscapeLeft UIInterfaceOrientationLandscapeRight";
				LD_RUNPATH_SEARCH_PATHS = (
					"$(inherited)",
					"@executable_path/Frameworks",
				);
				MARKETING_VERSION = 1.0;
				PRODUCT_BUNDLE_IDENTIFIER = com.mledgaro.MovieRecords;
				PRODUCT_NAME = "$(TARGET_NAME)";
				SWIFT_EMIT_LOC_STRINGS = YES;
				SWIFT_VERSION = 5.0;
				TARGETED_DEVICE_FAMILY = "1,2";
			};
			name = Release;
		};
/* End XCBuildConfiguration section */

/* Begin XCConfigurationList section */
		048005AC297ADDFE00F75D5A /* Build configuration list for PBXProject "MovieRecords" */ = {
			isa = XCConfigurationList;
			buildConfigurations = (
				048005BD297ADE0400F75D5A /* Debug */,
				048005BE297ADE0400F75D5A /* Release */,
			);
			defaultConfigurationIsVisible = 0;
			defaultConfigurationName = Release;
		};
		048005BF297ADE0400F75D5A /* Build configuration list for PBXNativeTarget "MovieRecords" */ = {
			isa = XCConfigurationList;
			buildConfigurations = (
				048005C0297ADE0400F75D5A /* Debug */,
				048005C1297ADE0400F75D5A /* Release */,
			);
			defaultConfigurationIsVisible = 0;
			defaultConfigurationName = Release;
		};
/* End XCConfigurationList section */
	};
	rootObject = 048005A9297ADDFE00F75D5A /* Project object */;
}
